
Microsoft Visual Studio Solution File, Format Version 12.00
# Visual Studio Version 17
VisualStudioVersion = 17.11.35312.102
MinimumVisualStudioVersion = 10.0.40219.1
Project("{FAE04EC0-301F-11D3-BF4B-00C04F79EFBC}") = "WEB_253502_HVESKO.UI", "WEB_253502_HVESKO.UI\WEB_253502_HVESKO.UI.csproj", "{60FA830A-0368-4984-B6E6-D0F6E093D230}"
EndProject
Global
	GlobalSection(SolutionConfigurationPlatforms) = preSolution
		Debug|Any CPU = Debug|Any CPU
		Release|Any CPU = Release|Any CPU
	EndGlobalSection
	GlobalSection(ProjectConfigurationPlatforms) = postSolution
		{60FA830A-0368-4984-B6E6-D0F6E093D230}.Debug|Any CPU.ActiveCfg = Debug|Any CPU
		{60FA830A-0368-4984-B6E6-D0F6E093D230}.Debug|Any CPU.Build.0 = Debug|Any CPU
		{60FA830A-0368-4984-B6E6-D0F6E093D230}.Release|Any CPU.ActiveCfg = Release|Any CPU
		{60FA830A-0368-4984-B6E6-D0F6E093D230}.Release|Any CPU.Build.0 = Release|Any CPU
	EndGlobalSection
	GlobalSection(SolutionProperties) = preSolution
		HideSolutionNode = FALSE
	EndGlobalSection
	GlobalSection(ExtensibilityGlobals) = postSolution
		SolutionGuid = {CAC20F28-AA31-4647-9663-96450E908B77}
	EndGlobalSection
EndGlobal
